
Microsoft Visual Studio Solution File, Format Version 12.00
# Visual Studio Version 16
VisualStudioVersion = 16.0.32106.194
MinimumVisualStudioVersion = 10.0.40219.1
Project("{9A19103F-16F7-4668-BE54-9A1E7A4F7556}") = "LadeskabTilMobiltelefon", "LadeskabTilMobiltelefon\LadeskabTilMobiltelefon.csproj", "{C2C78D83-6206-40D5-B5EB-124D9348D8FC}"
EndProject
Project("{9A19103F-16F7-4668-BE54-9A1E7A4F7556}") = "Ladeskab.NUnit.test", "Ladeskab.NUnit.test\Ladeskab.NUnit.test.csproj", "{CF1079F3-88A2-4D0C-B868-ED232FE57B41}"
EndProject
Project("{FAE04EC0-301F-11D3-BF4B-00C04F79EFBC}") = "LadeskabClassLib", "LadeskabClassLib\LadeskabClassLib.csproj", "{AC4BD297-F58B-41F0-A187-70510D37E703}"
EndProject
Global
	GlobalSection(SolutionConfigurationPlatforms) = preSolution
		Debug|Any CPU = Debug|Any CPU
		Release|Any CPU = Release|Any CPU
	EndGlobalSection
	GlobalSection(ProjectConfigurationPlatforms) = postSolution
		{C2C78D83-6206-40D5-B5EB-124D9348D8FC}.Debug|Any CPU.ActiveCfg = Debug|Any CPU
		{C2C78D83-6206-40D5-B5EB-124D9348D8FC}.Debug|Any CPU.Build.0 = Debug|Any CPU
		{C2C78D83-6206-40D5-B5EB-124D9348D8FC}.Release|Any CPU.ActiveCfg = Release|Any CPU
		{C2C78D83-6206-40D5-B5EB-124D9348D8FC}.Release|Any CPU.Build.0 = Release|Any CPU
		{CF1079F3-88A2-4D0C-B868-ED232FE57B41}.Debug|Any CPU.ActiveCfg = Debug|Any CPU
		{CF1079F3-88A2-4D0C-B868-ED232FE57B41}.Debug|Any CPU.Build.0 = Debug|Any CPU
		{CF1079F3-88A2-4D0C-B868-ED232FE57B41}.Release|Any CPU.ActiveCfg = Release|Any CPU
		{CF1079F3-88A2-4D0C-B868-ED232FE57B41}.Release|Any CPU.Build.0 = Release|Any CPU
		{AC4BD297-F58B-41F0-A187-70510D37E703}.Debug|Any CPU.ActiveCfg = Debug|Any CPU
		{AC4BD297-F58B-41F0-A187-70510D37E703}.Debug|Any CPU.Build.0 = Debug|Any CPU
		{AC4BD297-F58B-41F0-A187-70510D37E703}.Release|Any CPU.ActiveCfg = Release|Any CPU
		{AC4BD297-F58B-41F0-A187-70510D37E703}.Release|Any CPU.Build.0 = Release|Any CPU
	EndGlobalSection
	GlobalSection(SolutionProperties) = preSolution
		HideSolutionNode = FALSE
	EndGlobalSection
	GlobalSection(ExtensibilityGlobals) = postSolution
		SolutionGuid = {E6F83033-AAE6-432A-9C67-595AFFA57A2D}
	EndGlobalSection
EndGlobal
